
Microsoft Visual Studio Solution File, Format Version 12.00
# Visual Studio Version 17
VisualStudioVersion = 17.0.31903.59
MinimumVisualStudioVersion = 10.0.40219.1
Project("{2150E333-8FDC-42A3-9474-1A3956D46DE8}") = "src", "src", "{827E0CD3-B72D-47B6-A68D-7590B98EB39B}"
EndProject
Project("{2150E333-8FDC-42A3-9474-1A3956D46DE8}") = "apps", "apps", "{AD2A5A3B-A595-3E96-334A-002D08FE630C}"
EndProject
Project("{2150E333-8FDC-42A3-9474-1A3956D46DE8}") = "cli", "cli", "{F1846B6D-4AF6-9FBC-6FFF-07E3EFC3E8DE}"
EndProject
Project("{FAE04EC0-301F-11D3-BF4B-00C04F79EFBC}") = "BAMFFragenkatalogScraper", "src\apps\cli\BAMFFragenkatalogScraper\BAMFFragenkatalogScraper.csproj", "{165D07D8-54F1-4591-A0BF-0D5A4BBB1EDC}"
EndProject
Project("{FAE04EC0-301F-11D3-BF4B-00C04F79EFBC}") = "BAMFFragenkatalogScraper.Tests", "src\apps\cli\BAMFFragenkatalogScraper.Tests\BAMFFragenkatalogScraper.Tests.csproj", "{A010FB8F-B764-4EF6-87C4-A9CD497ADFCF}"
EndProject
Project("{FAE04EC0-301F-11D3-BF4B-00C04F79EFBC}") = "BAMFQuestionsToJson", "src\apps\cli\BAMFQuestionsToJson\BAMFQuestionsToJson.csproj", "{1F8D07D8-54F1-4591-A0BF-0D5A4BBB1EDC}"
EndProject
Project("{FAE04EC0-301F-11D3-BF4B-00C04F79EFBC}") = "BAMFQuestionsToJson.Tests", "src\apps\cli\BAMFQuestionsToJson.Tests\BAMFQuestionsToJson.Tests.csproj", "{D9B106A6-7A75-4FCB-BA38-A2F51E8BE137}"
EndProject
Project("{FAE04EC0-301F-11D3-BF4B-00C04F79EFBC}") = "BAMFQuestionsToJson.IntegrationTests", "src\apps\cli\BAMFQuestionsToJson.IntegrationTests\BAMFQuestionsToJson.IntegrationTests.csproj", "{E9B106A6-7A75-4FCB-BA38-A2F51E8BE138}"
EndProject
Project("{FAE04EC0-301F-11D3-BF4B-00C04F79EFBC}") = "BAMFJsonToMarkdown", "src\apps\cli\BAMFJsonToMarkdown\BAMFJsonToMarkdown.csproj", "{F0835972-E630-4EEF-84CB-98FCE6D977CC}"
EndProject
Project("{FAE04EC0-301F-11D3-BF4B-00C04F79EFBC}") = "BAMFJsonToMarkdown.Tests", "src\apps\cli\BAMFJsonToMarkdown.Tests\BAMFJsonToMarkdown.Tests.csproj", "{90E66F5C-9B14-4973-AD0C-D8B68814626E}"
EndProject
Project("{FAE04EC0-301F-11D3-BF4B-00C04F79EFBC}") = "BAMFMarkdownToHtml", "src\apps\cli\BAMFMarkdownToHtml\BAMFMarkdownToHtml.csproj", "{B4D24C9A-0F31-4CEE-8891-C323392E05A8}"
EndProject
Project("{FAE04EC0-301F-11D3-BF4B-00C04F79EFBC}") = "LanguageLearningTools.Domain", "src\LanguageLearningTools.Domain\LanguageLearningTools.Domain.csproj", "{878B8155-0F25-400E-84E5-5377F2424E3A}"
EndProject
Project("{FAE04EC0-301F-11D3-BF4B-00C04F79EFBC}") = "LanguageLearningTools.Infrastructure", "src\LanguageLearningTools.Infrastructure\LanguageLearningTools.Infrastructure.csproj", "{D620509C-917E-46CB-B56D-A2F5017EA377}"
EndProject
Project("{FAE04EC0-301F-11D3-BF4B-00C04F79EFBC}") = "LanguageLearningTools.Domain.Tests", "tests\LanguageLearningTools.Domain.Tests\LanguageLearningTools.Domain.Tests.csproj", "{54F1C9B6-42F8-4B3C-B5B0-4A3EF4D09DE1}"
EndProject
Project("{FAE04EC0-301F-11D3-BF4B-00C04F79EFBC}") = "LanguageLearningTools.Infrastructure.Tests", "tests\LanguageLearningTools.Infrastructure.Tests\LanguageLearningTools.Infrastructure.Tests.csproj", "{E71866F6-040F-4083-8AD2-1BAA83D91A7A}"
EndProject
Project("{FAE04EC0-301F-11D3-BF4B-00C04F79EFBC}") = "LanguageLearningTools.Infrastructure.IntegrationTests", "tests\LanguageLearningTools.Infrastructure.IntegrationTests\LanguageLearningTools.Infrastructure.IntegrationTests.csproj", "{EE07C183-9D44-4733-8951-D306277FA190}"
EndProject
Project("{FAE04EC0-301F-11D3-BF4B-00C04F79EFBC}") = "SubtitleToJson", "src\apps\cli\SubtitleToJson\SubtitleToJson.csproj", "{A1B2C3D4-0000-0000-0000-000000000001}"
EndProject
Project("{FAE04EC0-301F-11D3-BF4B-00C04F79EFBC}") = "SubtitleToJson.Tests", "tests\SubtitleToJson.Tests\SubtitleToJson.Tests.csproj", "{A1B2C3D4-0000-0000-0000-000000000002}"
EndProject
Project("{FAE04EC0-301F-11D3-BF4B-00C04F79EFBC}") = "LanguageLearningTools.Application", "src\LanguageLearningTools.Application\LanguageLearningTools.Application.csproj", "{D6089B3C-E742-46C1-98F2-2D62A20590E3}"
EndProject
Project("{2150E333-8FDC-42A3-9474-1A3956D46DE8}") = "tests", "tests", "{0AB3BF05-4346-4AA6-1389-037BE0695223}"
EndProject
Project("{FAE04EC0-301F-11D3-BF4B-00C04F79EFBC}") = "LanguageLearningTools.Application.Tests", "tests\LanguageLearningTools.Application.Tests\LanguageLearningTools.Application.Tests.csproj", "{135F559A-D22E-4BD6-ADBF-8066B678E789}"
EndProject
Global
	GlobalSection(SolutionConfigurationPlatforms) = preSolution
		Debug|Any CPU = Debug|Any CPU
		Debug|x64 = Debug|x64
		Debug|x86 = Debug|x86
		Release|Any CPU = Release|Any CPU
		Release|x64 = Release|x64
		Release|x86 = Release|x86
	EndGlobalSection
	GlobalSection(ProjectConfigurationPlatforms) = postSolution
		{165D07D8-54F1-4591-A0BF-0D5A4BBB1EDC}.Debug|Any CPU.ActiveCfg = Debug|Any CPU
		{165D07D8-54F1-4591-A0BF-0D5A4BBB1EDC}.Debug|Any CPU.Build.0 = Debug|Any CPU
		{165D07D8-54F1-4591-A0BF-0D5A4BBB1EDC}.Debug|x64.ActiveCfg = Debug|Any CPU
		{165D07D8-54F1-4591-A0BF-0D5A4BBB1EDC}.Debug|x64.Build.0 = Debug|Any CPU
		{165D07D8-54F1-4591-A0BF-0D5A4BBB1EDC}.Debug|x86.ActiveCfg = Debug|Any CPU
		{165D07D8-54F1-4591-A0BF-0D5A4BBB1EDC}.Debug|x86.Build.0 = Debug|Any CPU
		{165D07D8-54F1-4591-A0BF-0D5A4BBB1EDC}.Release|Any CPU.ActiveCfg = Release|Any CPU
		{165D07D8-54F1-4591-A0BF-0D5A4BBB1EDC}.Release|Any CPU.Build.0 = Release|Any CPU
		{165D07D8-54F1-4591-A0BF-0D5A4BBB1EDC}.Release|x64.ActiveCfg = Release|Any CPU
		{165D07D8-54F1-4591-A0BF-0D5A4BBB1EDC}.Release|x64.Build.0 = Release|Any CPU
		{165D07D8-54F1-4591-A0BF-0D5A4BBB1EDC}.Release|x86.ActiveCfg = Release|Any CPU
		{165D07D8-54F1-4591-A0BF-0D5A4BBB1EDC}.Release|x86.Build.0 = Release|Any CPU
		{A010FB8F-B764-4EF6-87C4-A9CD497ADFCF}.Debug|Any CPU.ActiveCfg = Debug|Any CPU
		{A010FB8F-B764-4EF6-87C4-A9CD497ADFCF}.Debug|Any CPU.Build.0 = Debug|Any CPU
		{A010FB8F-B764-4EF6-87C4-A9CD497ADFCF}.Debug|x64.ActiveCfg = Debug|Any CPU
		{A010FB8F-B764-4EF6-87C4-A9CD497ADFCF}.Debug|x64.Build.0 = Debug|Any CPU
		{A010FB8F-B764-4EF6-87C4-A9CD497ADFCF}.Debug|x86.ActiveCfg = Debug|Any CPU
		{A010FB8F-B764-4EF6-87C4-A9CD497ADFCF}.Debug|x86.Build.0 = Debug|Any CPU
		{A010FB8F-B764-4EF6-87C4-A9CD497ADFCF}.Release|Any CPU.ActiveCfg = Release|Any CPU
		{A010FB8F-B764-4EF6-87C4-A9CD497ADFCF}.Release|Any CPU.Build.0 = Release|Any CPU
		{A010FB8F-B764-4EF6-87C4-A9CD497ADFCF}.Release|x64.ActiveCfg = Release|Any CPU
		{A010FB8F-B764-4EF6-87C4-A9CD497ADFCF}.Release|x64.Build.0 = Release|Any CPU
		{A010FB8F-B764-4EF6-87C4-A9CD497ADFCF}.Release|x86.ActiveCfg = Release|Any CPU
		{A010FB8F-B764-4EF6-87C4-A9CD497ADFCF}.Release|x86.Build.0 = Release|Any CPU
		{1F8D07D8-54F1-4591-A0BF-0D5A4BBB1EDC}.Debug|Any CPU.ActiveCfg = Debug|Any CPU
		{1F8D07D8-54F1-4591-A0BF-0D5A4BBB1EDC}.Debug|Any CPU.Build.0 = Debug|Any CPU
		{1F8D07D8-54F1-4591-A0BF-0D5A4BBB1EDC}.Debug|x64.ActiveCfg = Debug|Any CPU
		{1F8D07D8-54F1-4591-A0BF-0D5A4BBB1EDC}.Debug|x64.Build.0 = Debug|Any CPU
		{1F8D07D8-54F1-4591-A0BF-0D5A4BBB1EDC}.Debug|x86.ActiveCfg = Debug|Any CPU
		{1F8D07D8-54F1-4591-A0BF-0D5A4BBB1EDC}.Debug|x86.Build.0 = Debug|Any CPU
		{1F8D07D8-54F1-4591-A0BF-0D5A4BBB1EDC}.Release|Any CPU.ActiveCfg = Release|Any CPU
		{1F8D07D8-54F1-4591-A0BF-0D5A4BBB1EDC}.Release|Any CPU.Build.0 = Release|Any CPU
		{1F8D07D8-54F1-4591-A0BF-0D5A4BBB1EDC}.Release|x64.ActiveCfg = Release|Any CPU
		{1F8D07D8-54F1-4591-A0BF-0D5A4BBB1EDC}.Release|x64.Build.0 = Release|Any CPU
		{1F8D07D8-54F1-4591-A0BF-0D5A4BBB1EDC}.Release|x86.ActiveCfg = Release|Any CPU
		{1F8D07D8-54F1-4591-A0BF-0D5A4BBB1EDC}.Release|x86.Build.0 = Release|Any CPU
		{D9B106A6-7A75-4FCB-BA38-A2F51E8BE137}.Debug|Any CPU.ActiveCfg = Debug|Any CPU
		{D9B106A6-7A75-4FCB-BA38-A2F51E8BE137}.Debug|Any CPU.Build.0 = Debug|Any CPU
		{D9B106A6-7A75-4FCB-BA38-A2F51E8BE137}.Debug|x64.ActiveCfg = Debug|Any CPU
		{D9B106A6-7A75-4FCB-BA38-A2F51E8BE137}.Debug|x64.Build.0 = Debug|Any CPU
		{D9B106A6-7A75-4FCB-BA38-A2F51E8BE137}.Debug|x86.ActiveCfg = Debug|Any CPU
		{D9B106A6-7A75-4FCB-BA38-A2F51E8BE137}.Debug|x86.Build.0 = Debug|Any CPU
		{D9B106A6-7A75-4FCB-BA38-A2F51E8BE137}.Release|Any CPU.ActiveCfg = Release|Any CPU
		{D9B106A6-7A75-4FCB-BA38-A2F51E8BE137}.Release|Any CPU.Build.0 = Release|Any CPU
		{D9B106A6-7A75-4FCB-BA38-A2F51E8BE137}.Release|x64.ActiveCfg = Release|Any CPU
		{D9B106A6-7A75-4FCB-BA38-A2F51E8BE137}.Release|x64.Build.0 = Release|Any CPU
		{D9B106A6-7A75-4FCB-BA38-A2F51E8BE137}.Release|x86.ActiveCfg = Release|Any CPU
		{D9B106A6-7A75-4FCB-BA38-A2F51E8BE137}.Release|x86.Build.0 = Release|Any CPU
		{E9B106A6-7A75-4FCB-BA38-A2F51E8BE138}.Debug|Any CPU.ActiveCfg = Debug|Any CPU
		{E9B106A6-7A75-4FCB-BA38-A2F51E8BE138}.Debug|Any CPU.Build.0 = Debug|Any CPU
		{E9B106A6-7A75-4FCB-BA38-A2F51E8BE138}.Debug|x64.ActiveCfg = Debug|Any CPU
		{E9B106A6-7A75-4FCB-BA38-A2F51E8BE138}.Debug|x64.Build.0 = Debug|Any CPU
		{E9B106A6-7A75-4FCB-BA38-A2F51E8BE138}.Debug|x86.ActiveCfg = Debug|Any CPU
		{E9B106A6-7A75-4FCB-BA38-A2F51E8BE138}.Debug|x86.Build.0 = Debug|Any CPU
		{E9B106A6-7A75-4FCB-BA38-A2F51E8BE138}.Release|Any CPU.ActiveCfg = Release|Any CPU
		{E9B106A6-7A75-4FCB-BA38-A2F51E8BE138}.Release|Any CPU.Build.0 = Release|Any CPU
		{E9B106A6-7A75-4FCB-BA38-A2F51E8BE138}.Release|x64.ActiveCfg = Release|Any CPU
		{E9B106A6-7A75-4FCB-BA38-A2F51E8BE138}.Release|x64.Build.0 = Release|Any CPU
		{E9B106A6-7A75-4FCB-BA38-A2F51E8BE138}.Release|x86.ActiveCfg = Release|Any CPU
		{E9B106A6-7A75-4FCB-BA38-A2F51E8BE138}.Release|x86.Build.0 = Release|Any CPU
		{F0835972-E630-4EEF-84CB-98FCE6D977CC}.Debug|Any CPU.ActiveCfg = Debug|Any CPU
		{F0835972-E630-4EEF-84CB-98FCE6D977CC}.Debug|Any CPU.Build.0 = Debug|Any CPU
		{F0835972-E630-4EEF-84CB-98FCE6D977CC}.Debug|x64.ActiveCfg = Debug|Any CPU
		{F0835972-E630-4EEF-84CB-98FCE6D977CC}.Debug|x64.Build.0 = Debug|Any CPU
		{F0835972-E630-4EEF-84CB-98FCE6D977CC}.Debug|x86.ActiveCfg = Debug|Any CPU
		{F0835972-E630-4EEF-84CB-98FCE6D977CC}.Debug|x86.Build.0 = Debug|Any CPU
		{F0835972-E630-4EEF-84CB-98FCE6D977CC}.Release|Any CPU.ActiveCfg = Release|Any CPU
		{F0835972-E630-4EEF-84CB-98FCE6D977CC}.Release|Any CPU.Build.0 = Release|Any CPU
		{F0835972-E630-4EEF-84CB-98FCE6D977CC}.Release|x64.ActiveCfg = Release|Any CPU
		{F0835972-E630-4EEF-84CB-98FCE6D977CC}.Release|x64.Build.0 = Release|Any CPU
		{F0835972-E630-4EEF-84CB-98FCE6D977CC}.Release|x86.ActiveCfg = Release|Any CPU
		{F0835972-E630-4EEF-84CB-98FCE6D977CC}.Release|x86.Build.0 = Release|Any CPU
		{90E66F5C-9B14-4973-AD0C-D8B68814626E}.Debug|Any CPU.ActiveCfg = Debug|Any CPU
		{90E66F5C-9B14-4973-AD0C-D8B68814626E}.Debug|Any CPU.Build.0 = Debug|Any CPU
		{90E66F5C-9B14-4973-AD0C-D8B68814626E}.Debug|x64.ActiveCfg = Debug|Any CPU
		{90E66F5C-9B14-4973-AD0C-D8B68814626E}.Debug|x64.Build.0 = Debug|Any CPU
		{90E66F5C-9B14-4973-AD0C-D8B68814626E}.Debug|x86.ActiveCfg = Debug|Any CPU
		{90E66F5C-9B14-4973-AD0C-D8B68814626E}.Debug|x86.Build.0 = Debug|Any CPU
		{90E66F5C-9B14-4973-AD0C-D8B68814626E}.Release|Any CPU.ActiveCfg = Release|Any CPU
		{90E66F5C-9B14-4973-AD0C-D8B68814626E}.Release|Any CPU.Build.0 = Release|Any CPU
		{90E66F5C-9B14-4973-AD0C-D8B68814626E}.Release|x64.ActiveCfg = Release|Any CPU
		{90E66F5C-9B14-4973-AD0C-D8B68814626E}.Release|x64.Build.0 = Release|Any CPU
		{90E66F5C-9B14-4973-AD0C-D8B68814626E}.Release|x86.ActiveCfg = Release|Any CPU
		{90E66F5C-9B14-4973-AD0C-D8B68814626E}.Release|x86.Build.0 = Release|Any CPU
		{B4D24C9A-0F31-4CEE-8891-C323392E05A8}.Debug|Any CPU.ActiveCfg = Debug|Any CPU
		{B4D24C9A-0F31-4CEE-8891-C323392E05A8}.Debug|Any CPU.Build.0 = Debug|Any CPU
		{B4D24C9A-0F31-4CEE-8891-C323392E05A8}.Debug|x64.ActiveCfg = Debug|Any CPU
		{B4D24C9A-0F31-4CEE-8891-C323392E05A8}.Debug|x64.Build.0 = Debug|Any CPU
		{B4D24C9A-0F31-4CEE-8891-C323392E05A8}.Debug|x86.ActiveCfg = Debug|Any CPU
		{B4D24C9A-0F31-4CEE-8891-C323392E05A8}.Debug|x86.Build.0 = Debug|Any CPU
		{B4D24C9A-0F31-4CEE-8891-C323392E05A8}.Release|Any CPU.ActiveCfg = Release|Any CPU
		{B4D24C9A-0F31-4CEE-8891-C323392E05A8}.Release|Any CPU.Build.0 = Release|Any CPU
		{B4D24C9A-0F31-4CEE-8891-C323392E05A8}.Release|x64.ActiveCfg = Release|Any CPU
		{B4D24C9A-0F31-4CEE-8891-C323392E05A8}.Release|x64.Build.0 = Release|Any CPU
		{B4D24C9A-0F31-4CEE-8891-C323392E05A8}.Release|x86.ActiveCfg = Release|Any CPU
		{B4D24C9A-0F31-4CEE-8891-C323392E05A8}.Release|x86.Build.0 = Release|Any CPU
		{878B8155-0F25-400E-84E5-5377F2424E3A}.Debug|Any CPU.ActiveCfg = Debug|Any CPU
		{878B8155-0F25-400E-84E5-5377F2424E3A}.Debug|Any CPU.Build.0 = Debug|Any CPU
		{878B8155-0F25-400E-84E5-5377F2424E3A}.Debug|x64.ActiveCfg = Debug|Any CPU
		{878B8155-0F25-400E-84E5-5377F2424E3A}.Debug|x64.Build.0 = Debug|Any CPU
		{878B8155-0F25-400E-84E5-5377F2424E3A}.Debug|x86.ActiveCfg = Debug|Any CPU
		{878B8155-0F25-400E-84E5-5377F2424E3A}.Debug|x86.Build.0 = Debug|Any CPU
		{878B8155-0F25-400E-84E5-5377F2424E3A}.Release|Any CPU.ActiveCfg = Release|Any CPU
		{878B8155-0F25-400E-84E5-5377F2424E3A}.Release|Any CPU.Build.0 = Release|Any CPU
		{878B8155-0F25-400E-84E5-5377F2424E3A}.Release|x64.ActiveCfg = Release|Any CPU
		{878B8155-0F25-400E-84E5-5377F2424E3A}.Release|x64.Build.0 = Release|Any CPU
		{878B8155-0F25-400E-84E5-5377F2424E3A}.Release|x86.ActiveCfg = Release|Any CPU
		{878B8155-0F25-400E-84E5-5377F2424E3A}.Release|x86.Build.0 = Release|Any CPU
		{D620509C-917E-46CB-B56D-A2F5017EA377}.Debug|Any CPU.ActiveCfg = Debug|Any CPU
		{D620509C-917E-46CB-B56D-A2F5017EA377}.Debug|Any CPU.Build.0 = Debug|Any CPU
		{D620509C-917E-46CB-B56D-A2F5017EA377}.Debug|x64.ActiveCfg = Debug|Any CPU
		{D620509C-917E-46CB-B56D-A2F5017EA377}.Debug|x64.Build.0 = Debug|Any CPU
		{D620509C-917E-46CB-B56D-A2F5017EA377}.Debug|x86.ActiveCfg = Debug|Any CPU
		{D620509C-917E-46CB-B56D-A2F5017EA377}.Debug|x86.Build.0 = Debug|Any CPU
		{D620509C-917E-46CB-B56D-A2F5017EA377}.Release|Any CPU.ActiveCfg = Release|Any CPU
		{D620509C-917E-46CB-B56D-A2F5017EA377}.Release|Any CPU.Build.0 = Release|Any CPU
		{D620509C-917E-46CB-B56D-A2F5017EA377}.Release|x64.ActiveCfg = Release|Any CPU
		{D620509C-917E-46CB-B56D-A2F5017EA377}.Release|x64.Build.0 = Release|Any CPU
		{D620509C-917E-46CB-B56D-A2F5017EA377}.Release|x86.ActiveCfg = Release|Any CPU
		{D620509C-917E-46CB-B56D-A2F5017EA377}.Release|x86.Build.0 = Release|Any CPU
		{54F1C9B6-42F8-4B3C-B5B0-4A3EF4D09DE1}.Debug|Any CPU.ActiveCfg = Debug|Any CPU
		{54F1C9B6-42F8-4B3C-B5B0-4A3EF4D09DE1}.Debug|Any CPU.Build.0 = Debug|Any CPU
		{54F1C9B6-42F8-4B3C-B5B0-4A3EF4D09DE1}.Debug|x64.ActiveCfg = Debug|Any CPU
		{54F1C9B6-42F8-4B3C-B5B0-4A3EF4D09DE1}.Debug|x64.Build.0 = Debug|Any CPU
		{54F1C9B6-42F8-4B3C-B5B0-4A3EF4D09DE1}.Debug|x86.ActiveCfg = Debug|Any CPU
		{54F1C9B6-42F8-4B3C-B5B0-4A3EF4D09DE1}.Debug|x86.Build.0 = Debug|Any CPU
		{54F1C9B6-42F8-4B3C-B5B0-4A3EF4D09DE1}.Release|Any CPU.ActiveCfg = Release|Any CPU
		{54F1C9B6-42F8-4B3C-B5B0-4A3EF4D09DE1}.Release|Any CPU.Build.0 = Release|Any CPU
		{54F1C9B6-42F8-4B3C-B5B0-4A3EF4D09DE1}.Release|x64.ActiveCfg = Release|Any CPU
		{54F1C9B6-42F8-4B3C-B5B0-4A3EF4D09DE1}.Release|x64.Build.0 = Release|Any CPU
		{54F1C9B6-42F8-4B3C-B5B0-4A3EF4D09DE1}.Release|x86.ActiveCfg = Release|Any CPU
		{54F1C9B6-42F8-4B3C-B5B0-4A3EF4D09DE1}.Release|x86.Build.0 = Release|Any CPU
		{E71866F6-040F-4083-8AD2-1BAA83D91A7A}.Debug|Any CPU.ActiveCfg = Debug|Any CPU
		{E71866F6-040F-4083-8AD2-1BAA83D91A7A}.Debug|Any CPU.Build.0 = Debug|Any CPU
		{E71866F6-040F-4083-8AD2-1BAA83D91A7A}.Debug|x64.ActiveCfg = Debug|Any CPU
		{E71866F6-040F-4083-8AD2-1BAA83D91A7A}.Debug|x64.Build.0 = Debug|Any CPU
		{E71866F6-040F-4083-8AD2-1BAA83D91A7A}.Debug|x86.ActiveCfg = Debug|Any CPU
		{E71866F6-040F-4083-8AD2-1BAA83D91A7A}.Debug|x86.Build.0 = Debug|Any CPU
		{E71866F6-040F-4083-8AD2-1BAA83D91A7A}.Release|Any CPU.ActiveCfg = Release|Any CPU
		{E71866F6-040F-4083-8AD2-1BAA83D91A7A}.Release|Any CPU.Build.0 = Release|Any CPU
		{E71866F6-040F-4083-8AD2-1BAA83D91A7A}.Release|x64.ActiveCfg = Release|Any CPU
		{E71866F6-040F-4083-8AD2-1BAA83D91A7A}.Release|x64.Build.0 = Release|Any CPU
		{E71866F6-040F-4083-8AD2-1BAA83D91A7A}.Release|x86.ActiveCfg = Release|Any CPU
		{E71866F6-040F-4083-8AD2-1BAA83D91A7A}.Release|x86.Build.0 = Release|Any CPU
		{EE07C183-9D44-4733-8951-D306277FA190}.Debug|Any CPU.ActiveCfg = Debug|Any CPU
		{EE07C183-9D44-4733-8951-D306277FA190}.Debug|Any CPU.Build.0 = Debug|Any CPU
		{EE07C183-9D44-4733-8951-D306277FA190}.Debug|x64.ActiveCfg = Debug|Any CPU
		{EE07C183-9D44-4733-8951-D306277FA190}.Debug|x64.Build.0 = Debug|Any CPU
		{EE07C183-9D44-4733-8951-D306277FA190}.Debug|x86.ActiveCfg = Debug|Any CPU
		{EE07C183-9D44-4733-8951-D306277FA190}.Debug|x86.Build.0 = Debug|Any CPU
		{EE07C183-9D44-4733-8951-D306277FA190}.Release|Any CPU.ActiveCfg = Release|Any CPU
		{EE07C183-9D44-4733-8951-D306277FA190}.Release|Any CPU.Build.0 = Release|Any CPU
		{EE07C183-9D44-4733-8951-D306277FA190}.Release|x64.ActiveCfg = Release|Any CPU
		{EE07C183-9D44-4733-8951-D306277FA190}.Release|x64.Build.0 = Release|Any CPU
		{EE07C183-9D44-4733-8951-D306277FA190}.Release|x86.ActiveCfg = Release|Any CPU
		{EE07C183-9D44-4733-8951-D306277FA190}.Release|x86.Build.0 = Release|Any CPU
		{D6089B3C-E742-46C1-98F2-2D62A20590E3}.Debug|Any CPU.ActiveCfg = Debug|Any CPU
		{D6089B3C-E742-46C1-98F2-2D62A20590E3}.Debug|Any CPU.Build.0 = Debug|Any CPU
		{D6089B3C-E742-46C1-98F2-2D62A20590E3}.Debug|x64.ActiveCfg = Debug|Any CPU
		{D6089B3C-E742-46C1-98F2-2D62A20590E3}.Debug|x64.Build.0 = Debug|Any CPU
		{D6089B3C-E742-46C1-98F2-2D62A20590E3}.Debug|x86.ActiveCfg = Debug|Any CPU
		{D6089B3C-E742-46C1-98F2-2D62A20590E3}.Debug|x86.Build.0 = Debug|Any CPU
		{D6089B3C-E742-46C1-98F2-2D62A20590E3}.Release|Any CPU.ActiveCfg = Release|Any CPU
		{D6089B3C-E742-46C1-98F2-2D62A20590E3}.Release|Any CPU.Build.0 = Release|Any CPU
		{D6089B3C-E742-46C1-98F2-2D62A20590E3}.Release|x64.ActiveCfg = Release|Any CPU
		{D6089B3C-E742-46C1-98F2-2D62A20590E3}.Release|x64.Build.0 = Release|Any CPU
		{D6089B3C-E742-46C1-98F2-2D62A20590E3}.Release|x86.ActiveCfg = Release|Any CPU
		{D6089B3C-E742-46C1-98F2-2D62A20590E3}.Release|x86.Build.0 = Release|Any CPU
		{135F559A-D22E-4BD6-ADBF-8066B678E789}.Debug|Any CPU.ActiveCfg = Debug|Any CPU
		{135F559A-D22E-4BD6-ADBF-8066B678E789}.Debug|Any CPU.Build.0 = Debug|Any CPU
		{135F559A-D22E-4BD6-ADBF-8066B678E789}.Debug|x64.ActiveCfg = Debug|Any CPU
		{135F559A-D22E-4BD6-ADBF-8066B678E789}.Debug|x64.Build.0 = Debug|Any CPU
		{135F559A-D22E-4BD6-ADBF-8066B678E789}.Debug|x86.ActiveCfg = Debug|Any CPU
		{135F559A-D22E-4BD6-ADBF-8066B678E789}.Debug|x86.Build.0 = Debug|Any CPU
		{135F559A-D22E-4BD6-ADBF-8066B678E789}.Release|Any CPU.ActiveCfg = Release|Any CPU
		{135F559A-D22E-4BD6-ADBF-8066B678E789}.Release|Any CPU.Build.0 = Release|Any CPU
		{135F559A-D22E-4BD6-ADBF-8066B678E789}.Release|x64.ActiveCfg = Release|Any CPU
		{135F559A-D22E-4BD6-ADBF-8066B678E789}.Release|x64.Build.0 = Release|Any CPU
		{135F559A-D22E-4BD6-ADBF-8066B678E789}.Release|x86.ActiveCfg = Release|Any CPU
		{135F559A-D22E-4BD6-ADBF-8066B678E789}.Release|x86.Build.0 = Release|Any CPU
	EndGlobalSection
	GlobalSection(SolutionProperties) = preSolution
		HideSolutionNode = FALSE
	EndGlobalSection
	GlobalSection(NestedProjects) = preSolution
		{AD2A5A3B-A595-3E96-334A-002D08FE630C} = {827E0CD3-B72D-47B6-A68D-7590B98EB39B}
		{F1846B6D-4AF6-9FBC-6FFF-07E3EFC3E8DE} = {AD2A5A3B-A595-3E96-334A-002D08FE630C}
		{165D07D8-54F1-4591-A0BF-0D5A4BBB1EDC} = {F1846B6D-4AF6-9FBC-6FFF-07E3EFC3E8DE}
		{A010FB8F-B764-4EF6-87C4-A9CD497ADFCF} = {F1846B6D-4AF6-9FBC-6FFF-07E3EFC3E8DE}
		{1F8D07D8-54F1-4591-A0BF-0D5A4BBB1EDC} = {F1846B6D-4AF6-9FBC-6FFF-07E3EFC3E8DE}
		{D9B106A6-7A75-4FCB-BA38-A2F51E8BE137} = {F1846B6D-4AF6-9FBC-6FFF-07E3EFC3E8DE}
		{E9B106A6-7A75-4FCB-BA38-A2F51E8BE138} = {F1846B6D-4AF6-9FBC-6FFF-07E3EFC3E8DE}
		{F0835972-E630-4EEF-84CB-98FCE6D977CC} = {F1846B6D-4AF6-9FBC-6FFF-07E3EFC3E8DE}
		{90E66F5C-9B14-4973-AD0C-D8B68814626E} = {F1846B6D-4AF6-9FBC-6FFF-07E3EFC3E8DE}
		{B4D24C9A-0F31-4CEE-8891-C323392E05A8} = {F1846B6D-4AF6-9FBC-6FFF-07E3EFC3E8DE}
		{878B8155-0F25-400E-84E5-5377F2424E3A} = {827E0CD3-B72D-47B6-A68D-7590B98EB39B}
		{D620509C-917E-46CB-B56D-A2F5017EA377} = {827E0CD3-B72D-47B6-A68D-7590B98EB39B}
		{54F1C9B6-42F8-4B3C-B5B0-4A3EF4D09DE1} = {827E0CD3-B72D-47B6-A68D-7590B98EB39B}
		{E71866F6-040F-4083-8AD2-1BAA83D91A7A} = {827E0CD3-B72D-47B6-A68D-7590B98EB39B}
		{EE07C183-9D44-4733-8951-D306277FA190} = {827E0CD3-B72D-47B6-A68D-7590B98EB39B}
		{D6089B3C-E742-46C1-98F2-2D62A20590E3} = {827E0CD3-B72D-47B6-A68D-7590B98EB39B}
		{135F559A-D22E-4BD6-ADBF-8066B678E789} = {0AB3BF05-4346-4AA6-1389-037BE0695223}
	EndGlobalSection
EndGlobal
